
Microsoft Visual Studio Solution File, Format Version 12.00
# Visual Studio Version 17
VisualStudioVersion = 17.6.33815.320
MinimumVisualStudioVersion = 10.0.40219.1
Project("{FAE04EC0-301F-11D3-BF4B-00C04F79EFBC}") = "WebAPI", "WebAPI\WebAPI.csproj", "{4C057A2F-AB2A-4572-8562-01745D376944}"
EndProject
Project("{FAE04EC0-301F-11D3-BF4B-00C04F79EFBC}") = "unitTest", "unitTest\unitTest.csproj", "{ABE38F27-ABB1-4F0C-9470-7C097144D39C}"
EndProject
Global
	GlobalSection(SolutionConfigurationPlatforms) = preSolution
		Debug|Any CPU = Debug|Any CPU
		Release|Any CPU = Release|Any CPU
	EndGlobalSection
	GlobalSection(ProjectConfigurationPlatforms) = postSolution
		{4C057A2F-AB2A-4572-8562-01745D376944}.Debug|Any CPU.ActiveCfg = Debug|Any CPU
		{4C057A2F-AB2A-4572-8562-01745D376944}.Debug|Any CPU.Build.0 = Debug|Any CPU
		{4C057A2F-AB2A-4572-8562-01745D376944}.Release|Any CPU.ActiveCfg = Release|Any CPU
		{4C057A2F-AB2A-4572-8562-01745D376944}.Release|Any CPU.Build.0 = Release|Any CPU
		{ABE38F27-ABB1-4F0C-9470-7C097144D39C}.Debug|Any CPU.ActiveCfg = Debug|Any CPU
		{ABE38F27-ABB1-4F0C-9470-7C097144D39C}.Debug|Any CPU.Build.0 = Debug|Any CPU
		{ABE38F27-ABB1-4F0C-9470-7C097144D39C}.Release|Any CPU.ActiveCfg = Release|Any CPU
		{ABE38F27-ABB1-4F0C-9470-7C097144D39C}.Release|Any CPU.Build.0 = Release|Any CPU
	EndGlobalSection
	GlobalSection(SolutionProperties) = preSolution
		HideSolutionNode = FALSE
	EndGlobalSection
	GlobalSection(ExtensibilityGlobals) = postSolution
		SolutionGuid = {8F212F58-CCF6-493C-8814-68D9F1578FDA}
	EndGlobalSection
EndGlobal
