
Microsoft Visual Studio Solution File, Format Version 12.00
# Visual Studio Version 17
VisualStudioVersion = 17.7.34024.191
MinimumVisualStudioVersion = 10.0.40219.1
Project("{2150E333-8FDC-42A3-9474-1A3956D46DE8}") = "Fluxor MVVM", "Fluxor MVVM", "{C27D85B9-2F0F-4505-9138-ACECB121A94E}"
EndProject
Project("{9A19103F-16F7-4668-BE54-9A1E7A4F7556}") = "Client", "Client\Client.csproj", "{F052177C-2CBD-4CD2-AB11-88275EDCB1CA}"
EndProject
Project("{9A19103F-16F7-4668-BE54-9A1E7A4F7556}") = "Client.Business", "Client.Business\Client.Business.csproj", "{CCB09731-D017-489F-A5A8-C0D1F6E8EB9C}"
EndProject
Project("{9A19103F-16F7-4668-BE54-9A1E7A4F7556}") = "Client.Domain", "Client.Domain\Client.Domain.csproj", "{C534FECF-B8B1-4850-9494-DD76841068A7}"
EndProject
Global
	GlobalSection(SolutionConfigurationPlatforms) = preSolution
		Debug|Any CPU = Debug|Any CPU
		Release|Any CPU = Release|Any CPU
	EndGlobalSection
	GlobalSection(ProjectConfigurationPlatforms) = postSolution
		{F052177C-2CBD-4CD2-AB11-88275EDCB1CA}.Debug|Any CPU.ActiveCfg = Debug|Any CPU
		{F052177C-2CBD-4CD2-AB11-88275EDCB1CA}.Debug|Any CPU.Build.0 = Debug|Any CPU
		{F052177C-2CBD-4CD2-AB11-88275EDCB1CA}.Release|Any CPU.ActiveCfg = Release|Any CPU
		{F052177C-2CBD-4CD2-AB11-88275EDCB1CA}.Release|Any CPU.Build.0 = Release|Any CPU
		{CCB09731-D017-489F-A5A8-C0D1F6E8EB9C}.Debug|Any CPU.ActiveCfg = Debug|Any CPU
		{CCB09731-D017-489F-A5A8-C0D1F6E8EB9C}.Debug|Any CPU.Build.0 = Debug|Any CPU
		{CCB09731-D017-489F-A5A8-C0D1F6E8EB9C}.Release|Any CPU.ActiveCfg = Release|Any CPU
		{CCB09731-D017-489F-A5A8-C0D1F6E8EB9C}.Release|Any CPU.Build.0 = Release|Any CPU
		{C534FECF-B8B1-4850-9494-DD76841068A7}.Debug|Any CPU.ActiveCfg = Debug|Any CPU
		{C534FECF-B8B1-4850-9494-DD76841068A7}.Debug|Any CPU.Build.0 = Debug|Any CPU
		{C534FECF-B8B1-4850-9494-DD76841068A7}.Release|Any CPU.ActiveCfg = Release|Any CPU
		{C534FECF-B8B1-4850-9494-DD76841068A7}.Release|Any CPU.Build.0 = Release|Any CPU
	EndGlobalSection
	GlobalSection(SolutionProperties) = preSolution
		HideSolutionNode = FALSE
	EndGlobalSection
	GlobalSection(NestedProjects) = preSolution
		{F052177C-2CBD-4CD2-AB11-88275EDCB1CA} = {C27D85B9-2F0F-4505-9138-ACECB121A94E}
		{CCB09731-D017-489F-A5A8-C0D1F6E8EB9C} = {C27D85B9-2F0F-4505-9138-ACECB121A94E}
		{C534FECF-B8B1-4850-9494-DD76841068A7} = {C27D85B9-2F0F-4505-9138-ACECB121A94E}
	EndGlobalSection
	GlobalSection(ExtensibilityGlobals) = postSolution
		SolutionGuid = {2708BD86-6725-44D7-BE6A-1D0837B31E86}
	EndGlobalSection
EndGlobal
